
Microsoft Visual Studio Solution File, Format Version 12.00
# Visual Studio Version 16
VisualStudioVersion = 16.0.30011.22
MinimumVisualStudioVersion = 10.0.40219.1
Project("{FAE04EC0-301F-11D3-BF4B-00C04F79EFBC}") = "DotsLinesTriangles", "DotsLinesTriangles.csproj", "{ECA821F2-FA0E-48F1-B80E-694901EB6741}"
EndProject
Global
	GlobalSection(SolutionConfigurationPlatforms) = preSolution
		Debug|Any CPU = Debug|Any CPU
		Release|Any CPU = Release|Any CPU
	EndGlobalSection
	GlobalSection(ProjectConfigurationPlatforms) = postSolution
		{ECA821F2-FA0E-48F1-B80E-694901EB6741}.Debug|Any CPU.ActiveCfg = Debug|Any CPU
		{ECA821F2-FA0E-48F1-B80E-694901EB6741}.Debug|Any CPU.Build.0 = Debug|Any CPU
		{ECA821F2-FA0E-48F1-B80E-694901EB6741}.Release|Any CPU.ActiveCfg = Release|Any CPU
		{ECA821F2-FA0E-48F1-B80E-694901EB6741}.Release|Any CPU.Build.0 = Release|Any CPU
	EndGlobalSection
	GlobalSection(SolutionProperties) = preSolution
		HideSolutionNode = FALSE
	EndGlobalSection
	GlobalSection(ExtensibilityGlobals) = postSolution
		SolutionGuid = {0B9C3A7B-EBE1-4ACD-B3F5-866AD9095768}
	EndGlobalSection
EndGlobal
